
Microsoft Visual Studio Solution File, Format Version 12.00
# Visual Studio 15
Project("{FAE04EC0-301F-11D3-BF4B-00C04F79EFBC}") = "Assembly-CSharp", "Assembly-CSharp.csproj", "{7967F99E-24F8-3C21-8309-E7F317925CCC}"
EndProject
Project("{FAE04EC0-301F-11D3-BF4B-00C04F79EFBC}") = "Assembly-CSharp-Editor", "Assembly-CSharp-Editor.csproj", "{B930C834-064C-857E-02FD-D9332E94B818}"
EndProject
Global
	GlobalSection(SolutionConfigurationPlatforms) = preSolution
		Debug|Any CPU = Debug|Any CPU
		Release|Any CPU = Release|Any CPU
	EndGlobalSection
	GlobalSection(ProjectConfigurationPlatforms) = postSolution
		{7967F99E-24F8-3C21-8309-E7F317925CCC}.Debug|Any CPU.ActiveCfg = Debug|Any CPU
		{7967F99E-24F8-3C21-8309-E7F317925CCC}.Debug|Any CPU.Build.0 = Debug|Any CPU
		{7967F99E-24F8-3C21-8309-E7F317925CCC}.Release|Any CPU.ActiveCfg = Release|Any CPU
		{7967F99E-24F8-3C21-8309-E7F317925CCC}.Release|Any CPU.Build.0 = Release|Any CPU
		{B930C834-064C-857E-02FD-D9332E94B818}.Debug|Any CPU.ActiveCfg = Debug|Any CPU
		{B930C834-064C-857E-02FD-D9332E94B818}.Debug|Any CPU.Build.0 = Debug|Any CPU
		{B930C834-064C-857E-02FD-D9332E94B818}.Release|Any CPU.ActiveCfg = Release|Any CPU
		{B930C834-064C-857E-02FD-D9332E94B818}.Release|Any CPU.Build.0 = Release|Any CPU
	EndGlobalSection
	GlobalSection(SolutionProperties) = preSolution
		HideSolutionNode = FALSE
	EndGlobalSection
EndGlobal
